// !$*UTF8*$!
{
	archiveVersion = 1;
	classes = {
	};
	objectVersion = 50;
	objects = {

/* Begin PBXBuildFile section */
		91344CDF25741CF200D114A7 /* AppDelegate.swift in Sources */ = {isa = PBXBuildFile; fileRef = 91344CDE25741CF200D114A7 /* AppDelegate.swift */; };
		91344CE125741CF200D114A7 /* SceneDelegate.swift in Sources */ = {isa = PBXBuildFile; fileRef = 91344CE025741CF200D114A7 /* SceneDelegate.swift */; };
		91344CE325741CF200D114A7 /* ContentView.swift in Sources */ = {isa = PBXBuildFile; fileRef = 91344CE225741CF200D114A7 /* ContentView.swift */; };
		91344CE525741CF600D114A7 /* Assets.xcassets in Resources */ = {isa = PBXBuildFile; fileRef = 91344CE425741CF600D114A7 /* Assets.xcassets */; };
		91344CE825741CF600D114A7 /* Preview Assets.xcassets in Resources */ = {isa = PBXBuildFile; fileRef = 91344CE725741CF600D114A7 /* Preview Assets.xcassets */; };
		91344CEB25741CF600D114A7 /* LaunchScreen.storyboard in Resources */ = {isa = PBXBuildFile; fileRef = 91344CE925741CF600D114A7 /* LaunchScreen.storyboard */; };
/* End PBXBuildFile section */

/* Begin PBXFileReference section */
		91344CDB25741CF200D114A7 /* Art_Browser_App_SwfitUI.app */ = {isa = PBXFileReference; explicitFileType = wrapper.application; includeInIndex = 0; path = Art_Browser_App_SwfitUI.app; sourceTree = BUILT_PRODUCTS_DIR; };
		91344CDE25741CF200D114A7 /* AppDelegate.swift */ = {isa = PBXFileReference; lastKnownFileType = sourcecode.swift; path = AppDelegate.swift; sourceTree = "<group>"; };
		91344CE025741CF200D114A7 /* SceneDelegate.swift */ = {isa = PBXFileReference; lastKnownFileType = sourcecode.swift; path = SceneDelegate.swift; sourceTree = "<group>"; };
		91344CE225741CF200D114A7 /* ContentView.swift */ = {isa = PBXFileReference; lastKnownFileType = sourcecode.swift; path = ContentView.swift; sourceTree = "<group>"; };
		91344CE425741CF600D114A7 /* Assets.xcassets */ = {isa = PBXFileReference; lastKnownFileType = folder.assetcatalog; path = Assets.xcassets; sourceTree = "<group>"; };
		91344CE725741CF600D114A7 /* Preview Assets.xcassets */ = {isa = PBXFileReference; lastKnownFileType = folder.assetcatalog; path = "Preview Assets.xcassets"; sourceTree = "<group>"; };
		91344CEA25741CF600D114A7 /* Base */ = {isa = PBXFileReference; lastKnownFileType = file.storyboard; name = Base; path = Base.lproj/LaunchScreen.storyboard; sourceTree = "<group>"; };
		91344CEC25741CF600D114A7 /* Info.plist */ = {isa = PBXFileReference; lastKnownFileType = text.plist.xml; path = Info.plist; sourceTree = "<group>"; };
/* End PBXFileReference section */

/* Begin PBXFrameworksBuildPhase section */
		91344CD825741CF200D114A7 /* Frameworks */ = {
			isa = PBXFrameworksBuildPhase;
			buildActionMask = 2147483647;
			files = (
			);
			runOnlyForDeploymentPostprocessing = 0;
		};
/* End PBXFrameworksBuildPhase section */

/* Begin PBXGroup section */
		91344CD225741CF200D114A7 = {
			isa = PBXGroup;
			children = (
				91344CDD25741CF200D114A7 /* Art_Browser_App_SwfitUI */,
				91344CDC25741CF200D114A7 /* Products */,
			);
			sourceTree = "<group>";
		};
		91344CDC25741CF200D114A7 /* Products */ = {
			isa = PBXGroup;
			children = (
				91344CDB25741CF200D114A7 /* Art_Browser_App_SwfitUI.app */,
			);
			name = Products;
			sourceTree = "<group>";
		};
		91344CDD25741CF200D114A7 /* Art_Browser_App_SwfitUI */ = {
			isa = PBXGroup;
			children = (
				91344CDE25741CF200D114A7 /* AppDelegate.swift */,
				91344CE025741CF200D114A7 /* SceneDelegate.swift */,
				91344CE225741CF200D114A7 /* ContentView.swift */,
				91344CE425741CF600D114A7 /* Assets.xcassets */,
				91344CE925741CF600D114A7 /* LaunchScreen.storyboard */,
				91344CEC25741CF600D114A7 /* Info.plist */,
				91344CE625741CF600D114A7 /* Preview Content */,
			);
			path = Art_Browser_App_SwfitUI;
			sourceTree = "<group>";
		};
		91344CE625741CF600D114A7 /* Preview Content */ = {
			isa = PBXGroup;
			children = (
				91344CE725741CF600D114A7 /* Preview Assets.xcassets */,
			);
			path = "Preview Content";
			sourceTree = "<group>";
		};
/* End PBXGroup section */

/* Begin PBXNativeTarget section */
		91344CDA25741CF200D114A7 /* Art_Browser_App_SwfitUI */ = {
			isa = PBXNativeTarget;
			buildConfigurationList = 91344CEF25741CF600D114A7 /* Build configuration list for PBXNativeTarget "Art_Browser_App_SwfitUI" */;
			buildPhases = (
				91344CD725741CF200D114A7 /* Sources */,
				91344CD825741CF200D114A7 /* Frameworks */,
				91344CD925741CF200D114A7 /* Resources */,
			);
			buildRules = (
			);
			dependencies = (
			);
			name = Art_Browser_App_SwfitUI;
			productName = Art_Browser_App_SwfitUI;
			productReference = 91344CDB25741CF200D114A7 /* Art_Browser_App_SwfitUI.app */;
			productType = "com.apple.product-type.application";
		};
/* End PBXNativeTarget section */

/* Begin PBXProject section */
		91344CD325741CF200D114A7 /* Project object */ = {
			isa = PBXProject;
			attributes = {
				LastSwiftUpdateCheck = 1170;
				LastUpgradeCheck = 1170;
				ORGANIZATIONNAME = "Jhon Khan";
				TargetAttributes = {
					91344CDA25741CF200D114A7 = {
						CreatedOnToolsVersion = 11.7;
					};
				};
			};
			buildConfigurationList = 91344CD625741CF200D114A7 /* Build configuration list for PBXProject "Art_Browser_App_SwfitUI" */;
			compatibilityVersion = "Xcode 9.3";
			developmentRegion = en;
			hasScannedForEncodings = 0;
			knownRegions = (
				en,
				Base,
			);
			mainGroup = 91344CD225741CF200D114A7;
			productRefGroup = 91344CDC25741CF200D114A7 /* Products */;
			projectDirPath = "";
			projectRoot = "";
			targets = (
				91344CDA25741CF200D114A7 /* Art_Browser_App_SwfitUI */,
			);
		};
/* End PBXProject section */

/* Begin PBXResourcesBuildPhase section */
		91344CD925741CF200D114A7 /* Resources */ = {
			isa = PBXResourcesBuildPhase;
			buildActionMask = 2147483647;
			files = (
				91344CEB25741CF600D114A7 /* LaunchScreen.storyboard in Resources */,
				91344CE825741CF600D114A7 /* Preview Assets.xcassets in Resources */,
				91344CE525741CF600D114A7 /* Assets.xcassets in Resources */,
			);
			runOnlyForDeploymentPostprocessing = 0;
		};
/* End PBXResourcesBuildPhase section */

/* Begin PBXSourcesBuildPhase section */
		91344CD725741CF200D114A7 /* Sources */ = {
			isa = PBXSourcesBuildPhase;
			buildActionMask = 2147483647;
			files = (
				91344CDF25741CF200D114A7 /* AppDelegate.swift in Sources */,
				91344CE125741CF200D114A7 /* SceneDelegate.swift in Sources */,
				91344CE325741CF200D114A7 /* ContentView.swift in Sources */,
			);
			runOnlyForDeploymentPostprocessing = 0;
		};
/* End PBXSourcesBuildPhase section */

/* Begin PBXVariantGroup section */
		91344CE925741CF600D114A7 /* LaunchScreen.storyboard */ = {
			isa = PBXVariantGroup;
			children = (
				91344CEA25741CF600D114A7 /* Base */,
			);
			name = LaunchScreen.storyboard;
			sourceTree = "<group>";
		};
/* End PBXVariantGroup section */

/* Begin XCBuildConfiguration section */
		91344CED25741CF600D114A7 /* Debug */ = {
			isa = XCBuildConfiguration;
			buildSettings = {
				ALWAYS_SEARCH_USER_PATHS = NO;
				CLANG_ANALYZER_NONNULL = YES;
				CLANG_ANALYZER_NUMBER_OBJECT_CONVERSION = YES_AGGRESSIVE;
				CLANG_CXX_LANGUAGE_STANDARD = "gnu++14";
				CLANG_CXX_LIBRARY = "libc++";
				CLANG_ENABLE_MODULES = YES;
				CLANG_ENABLE_OBJC_ARC = YES;
				CLANG_ENABLE_OBJC_WEAK = YES;
				CLANG_WARN_BLOCK_CAPTURE_AUTORELEASING = YES;
				CLANG_WARN_BOOL_CONVERSION = YES;
				CLANG_WARN_COMMA = YES;
				CLANG_WARN_CONSTANT_CONVERSION = YES;
				CLANG_WARN_DEPRECATED_OBJC_IMPLEMENTATIONS = YES;
				CLANG_WARN_DIRECT_OBJC_ISA_USAGE = YES_ERROR;
				CLANG_WARN_DOCUMENTATION_COMMENTS = YES;
				CLANG_WARN_EMPTY_BODY = YES;
				CLANG_WARN_ENUM_CONVERSION = YES;
				CLANG_WARN_INFINITE_RECURSION = YES;
				CLANG_WARN_INT_CONVERSION = YES;
				CLANG_WARN_NON_LITERAL_NULL_CONVERSION = YES;
				CLANG_WARN_OBJC_IMPLICIT_RETAIN_SELF = YES;
				CLANG_WARN_OBJC_LITERAL_CONVERSION = YES;
				CLANG_WARN_OBJC_ROOT_CLASS = YES_ERROR;
				CLANG_WARN_RANGE_LOOP_ANALYSIS = YES;
				CLANG_WARN_STRICT_PROTOTYPES = YES;
				CLANG_WARN_SUSPICIOUS_MOVE = YES;
				CLANG_WARN_UNGUARDED_AVAILABILITY = YES_AGGRESSIVE;
				CLANG_WARN_UNREACHABLE_CODE = YES;
				CLANG_WARN__DUPLICATE_METHOD_MATCH = YES;
				COPY_PHASE_STRIP = NO;
				DEBUG_INFORMATION_FORMAT = dwarf;
				ENABLE_STRICT_OBJC_MSGSEND = YES;
				ENABLE_TESTABILITY = YES;
				GCC_C_LANGUAGE_STANDARD = gnu11;
				GCC_DYNAMIC_NO_PIC = NO;
				GCC_NO_COMMON_BLOCKS = YES;
				GCC_OPTIMIZATION_LEVEL = 0;
				GCC_PREPROCESSOR_DEFINITIONS = (
					"DEBUG=1",
					"$(inherited)",
				);
				GCC_WARN_64_TO_32_BIT_CONVERSION = YES;
				GCC_WARN_ABOUT_RETURN_TYPE = YES_ERROR;
				GCC_WARN_UNDECLARED_SELECTOR = YES;
				GCC_WARN_UNINITIALIZED_AUTOS = YES_AGGRESSIVE;
				GCC_WARN_UNUSED_FUNCTION = YES;
				GCC_WARN_UNUSED_VARIABLE = YES;
				IPHONEOS_DEPLOYMENT_TARGET = 13.7;
				MTL_ENABLE_DEBUG_INFO = INCLUDE_SOURCE;
				MTL_FAST_MATH = YES;
				ONLY_ACTIVE_ARCH = YES;
				SDKROOT = iphoneos;
				SWIFT_ACTIVE_COMPILATION_CONDITIONS = DEBUG;
				SWIFT_OPTIMIZATION_LEVEL = "-Onone";
			};
			name = Debug;
		};
		91344CEE25741CF600D114A7 /* Release */ = {
			isa = XCBuildConfiguration;
			buildSettings = {
				ALWAYS_SEARCH_USER_PATHS = NO;
				CLANG_ANALYZER_NONNULL = YES;
				CLANG_ANALYZER_NUMBER_OBJECT_CONVERSION = YES_AGGRESSIVE;
				CLANG_CXX_LANGUAGE_STANDARD = "gnu++14";
				CLANG_CXX_LIBRARY = "libc++";
				CLANG_ENABLE_MODULES = YES;
				CLANG_ENABLE_OBJC_ARC = YES;
				CLANG_ENABLE_OBJC_WEAK = YES;
				CLANG_WARN_BLOCK_CAPTURE_AUTORELEASING = YES;
				CLANG_WARN_BOOL_CONVERSION = YES;
				CLANG_WARN_COMMA = YES;
				CLANG_WARN_CONSTANT_CONVERSION = YES;
				CLANG_WARN_DEPRECATED_OBJC_IMPLEMENTATIONS = YES;
				CLANG_WARN_DIRECT_OBJC_ISA_USAGE = YES_ERROR;
				CLANG_WARN_DOCUMENTATION_COMMENTS = YES;
				CLANG_WARN_EMPTY_BODY = YES;
				CLANG_WARN_ENUM_CONVERSION = YES;
				CLANG_WARN_INFINITE_RECURSION = YES;
				CLANG_WARN_INT_CONVERSION = YES;
				CLANG_WARN_NON_LITERAL_NULL_CONVERSION = YES;
				CLANG_WARN_OBJC_IMPLICIT_RETAIN_SELF = YES;
				CLANG_WARN_OBJC_LITERAL_CONVERSION = YES;
				CLANG_WARN_OBJC_ROOT_CLASS = YES_ERROR;
				CLANG_WARN_RANGE_LOOP_ANALYSIS = YES;
				CLANG_WARN_STRICT_PROTOTYPES = YES;
				CLANG_WARN_SUSPICIOUS_MOVE = YES;
				CLANG_WARN_UNGUARDED_AVAILABILITY = YES_AGGRESSIVE;
				CLANG_WARN_UNREACHABLE_CODE = YES;
				CLANG_WARN__DUPLICATE_METHOD_MATCH = YES;
				COPY_PHASE_STRIP = NO;
				DEBUG_INFORMATION_FORMAT = "dwarf-with-dsym";
				ENABLE_NS_ASSERTIONS = NO;
				ENABLE_STRICT_OBJC_MSGSEND = YES;
				GCC_C_LANGUAGE_STANDARD = gnu11;
				GCC_NO_COMMON_BLOCKS = YES;
				GCC_WARN_64_TO_32_BIT_CONVERSION = YES;
				GCC_WARN_ABOUT_RETURN_TYPE = YES_ERROR;
				GCC_WARN_UNDECLARED_SELECTOR = YES;
				GCC_WARN_UNINITIALIZED_AUTOS = YES_AGGRESSIVE;
				GCC_WARN_UNUSED_FUNCTION = YES;
				GCC_WARN_UNUSED_VARIABLE = YES;
				IPHONEOS_DEPLOYMENT_TARGET = 13.7;
				MTL_ENABLE_DEBUG_INFO = NO;
				MTL_FAST_MATH = YES;
				SDKROOT = iphoneos;
				SWIFT_COMPILATION_MODE = wholemodule;
				SWIFT_OPTIMIZATION_LEVEL = "-O";
				VALIDATE_PRODUCT = YES;
			};
			name = Release;
		};
		91344CF025741CF600D114A7 /* Debug */ = {
			isa = XCBuildConfiguration;
			buildSettings = {
				ASSETCATALOG_COMPILER_APPICON_NAME = AppIcon;
				CODE_SIGN_STYLE = Automatic;
				DEVELOPMENT_ASSET_PATHS = "\"Art_Browser_App_SwfitUI/Preview Content\"";
				DEVELOPMENT_TEAM = STV734VKPU;
				ENABLE_PREVIEWS = YES;
				INFOPLIST_FILE = Art_Browser_App_SwfitUI/Info.plist;
				LD_RUNPATH_SEARCH_PATHS = (
					"$(inherited)",
					"@executable_path/Frameworks",
				);
				PRODUCT_BUNDLE_IDENTIFIER = "JunaidKhan.Art-Browser-App-SwfitUI";
				PRODUCT_NAME = "$(TARGET_NAME)";
				SWIFT_VERSION = 5.0;
				TARGETED_DEVICE_FAMILY = "1,2";
			};
			name = Debug;
		};
		91344CF125741CF600D114A7 /* Release */ = {
			isa = XCBuildConfiguration;
			buildSettings = {
				ASSETCATALOG_COMPILER_APPICON_NAME = AppIcon;
				CODE_SIGN_STYLE = Automatic;
				DEVELOPMENT_ASSET_PATHS = "\"Art_Browser_App_SwfitUI/Preview Content\"";
				DEVELOPMENT_TEAM = STV734VKPU;
				ENABLE_PREVIEWS = YES;
				INFOPLIST_FILE = Art_Browser_App_SwfitUI/Info.plist;
				LD_RUNPATH_SEARCH_PATHS = (
					"$(inherited)",
					"@executable_path/Frameworks",
				);
				PRODUCT_BUNDLE_IDENTIFIER = "JunaidKhan.Art-Browser-App-SwfitUI";
				PRODUCT_NAME = "$(TARGET_NAME)";
				SWIFT_VERSION = 5.0;
				TARGETED_DEVICE_FAMILY = "1,2";
			};
			name = Release;
		};
/* End XCBuildConfiguration section */

/* Begin XCConfigurationList section */
		91344CD625741CF200D114A7 /* Build configuration list for PBXProject "Art_Browser_App_SwfitUI" */ = {
			isa = XCConfigurationList;
			buildConfigurations = (
				91344CED25741CF600D114A7 /* Debug */,
				91344CEE25741CF600D114A7 /* Release */,
			);
			defaultConfigurationIsVisible = 0;
			defaultConfigurationName = Release;
		};
		91344CEF25741CF600D114A7 /* Build configuration list for PBXNativeTarget "Art_Browser_App_SwfitUI" */ = {
			isa = XCConfigurationList;
			buildConfigurations = (
				91344CF025741CF600D114A7 /* Debug */,
				91344CF125741CF600D114A7 /* Release */,
			);
			defaultConfigurationIsVisible = 0;
			defaultConfigurationName = Release;
		};
/* End XCConfigurationList section */
	};
	rootObject = 91344CD325741CF200D114A7 /* Project object */;
}
